
Microsoft Visual Studio Solution File, Format Version 11.00
# Visual Studio 2010
Project("{FAE04EC0-301F-11D3-BF4B-00C04F79EFBC}") = "flappy-trump", "Assembly-CSharp.csproj", "{D3D0D1D2-C225-A3C8-D457-E6693EF1CFE3}"
EndProject
Global
	GlobalSection(SolutionConfigurationPlatforms) = preSolution
		Debug|Any CPU = Debug|Any CPU
		Release|Any CPU = Release|Any CPU
	EndGlobalSection
	GlobalSection(ProjectConfigurationPlatforms) = postSolution
		{D3D0D1D2-C225-A3C8-D457-E6693EF1CFE3}.Debug|Any CPU.ActiveCfg = Debug|Any CPU
		{D3D0D1D2-C225-A3C8-D457-E6693EF1CFE3}.Debug|Any CPU.Build.0 = Debug|Any CPU
		{D3D0D1D2-C225-A3C8-D457-E6693EF1CFE3}.Release|Any CPU.ActiveCfg = Release|Any CPU
		{D3D0D1D2-C225-A3C8-D457-E6693EF1CFE3}.Release|Any CPU.Build.0 = Release|Any CPU
	EndGlobalSection
	GlobalSection(SolutionProperties) = preSolution
		HideSolutionNode = FALSE
	EndGlobalSection
	GlobalSection(MonoDevelopProperties) = preSolution
		StartupItem = Assembly-CSharp.csproj
	EndGlobalSection
EndGlobal
